
Microsoft Visual Studio Solution File, Format Version 12.00
# Visual Studio Version 16
VisualStudioVersion = 16.0.28803.156
MinimumVisualStudioVersion = 10.0.40219.1
Project("{FAE04EC0-301F-11D3-BF4B-00C04F79EFBC}") = "Kaomoji-Picker", "Kaomoji-Picker\Kaomoji-Picker.csproj", "{F6F38532-35DC-46AB-966A-1F0B1FABCC4A}"
EndProject
Global
	GlobalSection(SolutionConfigurationPlatforms) = preSolution
		Debug|Any CPU = Debug|Any CPU
		Release|Any CPU = Release|Any CPU
	EndGlobalSection
	GlobalSection(ProjectConfigurationPlatforms) = postSolution
		{F6F38532-35DC-46AB-966A-1F0B1FABCC4A}.Debug|Any CPU.ActiveCfg = Debug|Any CPU
		{F6F38532-35DC-46AB-966A-1F0B1FABCC4A}.Debug|Any CPU.Build.0 = Debug|Any CPU
		{F6F38532-35DC-46AB-966A-1F0B1FABCC4A}.Release|Any CPU.ActiveCfg = Release|Any CPU
		{F6F38532-35DC-46AB-966A-1F0B1FABCC4A}.Release|Any CPU.Build.0 = Release|Any CPU
	EndGlobalSection
	GlobalSection(SolutionProperties) = preSolution
		HideSolutionNode = FALSE
	EndGlobalSection
	GlobalSection(ExtensibilityGlobals) = postSolution
		SolutionGuid = {0763B49D-C4CD-4846-9960-6815D2E2C370}
	EndGlobalSection
EndGlobal
